
Microsoft Visual Studio Solution File, Format Version 12.00
# Visual Studio Version 16
VisualStudioVersion = 16.0.33927.289
MinimumVisualStudioVersion = 10.0.40219.1
Project("{2150E333-8FDC-42A3-9474-1A3956D46DE8}") = "Task0", "Task0", "{7D72A635-FB10-4209-B2AE-529F701110AF}"
EndProject
Project("{FAE04EC0-301F-11D3-BF4B-00C04F79EFBC}") = "Tyuiu.BratsunDA.Sprint0.Task0.V0", "Tyuiu.BratsunDA.Sprint0.Task0.V0\Tyuiu.BratsunDA.Sprint0.Task0.V0.csproj", "{4B7DAB40-9336-4EA0-9FC3-A34A348CBBCC}"
EndProject
Project("{2150E333-8FDC-42A3-9474-1A3956D46DE8}") = "Task1", "Task1", "{2BD7FAA8-AF6F-4BC1-9E00-EF3F93C5C570}"
EndProject
Project("{FAE04EC0-301F-11D3-BF4B-00C04F79EFBC}") = "Tyuiu.BratsunDA.Sprint0.Task1.V0", "Tyuiu.BratsunDA.Sprint0.Task1.V0\Tyuiu.BratsunDA.Sprint0.Task1.V0.csproj", "{0511E4BE-77A5-4FAC-88AA-C4A347F957D7}"
EndProject
Project("{2150E333-8FDC-42A3-9474-1A3956D46DE8}") = "Task2", "Task2", "{EB0D5E2F-5A4C-4ABC-87D0-D80DF9014071}"
EndProject
Project("{FAE04EC0-301F-11D3-BF4B-00C04F79EFBC}") = "Tyuiu.BratsunDA.Sprint0.Task2.V0", "Tyuiu.BratsunDA.Sprint0.Task2.V0\Tyuiu.BratsunDA.Sprint0.Task2.V0.csproj", "{ADE684AA-F104-4EA5-9E91-8458CAFD137E}"
EndProject
Project("{FAE04EC0-301F-11D3-BF4B-00C04F79EFBC}") = "Tyuiu.BratsunDA.Sprint0.Task2.V0.Lib", "Tyuiu.BratsunDA.Sprint0.Task2.V0.Lib\Tyuiu.BratsunDA.Sprint0.Task2.V0.Lib.csproj", "{0FD40BF4-D612-4E67-8AE9-77532A0E9598}"
EndProject
Project("{FAE04EC0-301F-11D3-BF4B-00C04F79EFBC}") = "Tyuiu.BratsunDA.Sprint0.Task2.V0.Test", "Tyuiu.BratsunDA.Sprint0.Task2.V0.Test\Tyuiu.BratsunDA.Sprint0.Task2.V0.Test.csproj", "{0AE0E877-CE6F-4282-9C28-F23312117319}"
EndProject
Project("{2150E333-8FDC-42A3-9474-1A3956D46DE8}") = "Task3", "Task3", "{3075BF09-4594-4E82-BE0A-075652C253FF}"
EndProject
Project("{FAE04EC0-301F-11D3-BF4B-00C04F79EFBC}") = "Tyuiu.BratsunDA.Sprint0.Task3.V0", "Tyuiu.BratsunDA.Sprint0.Task3.V0\Tyuiu.BratsunDA.Sprint0.Task3.V0.csproj", "{B6F3F523-3887-44EF-961F-3E34AF13F38A}"
EndProject
Project("{FAE04EC0-301F-11D3-BF4B-00C04F79EFBC}") = "Tyuiu.BratsunDA.Sprint0.Task3.V0.Lib", "Tyuiu.BratsunDA.Sprint0.Task3.V0.Lib\Tyuiu.BratsunDA.Sprint0.Task3.V0.Lib.csproj", "{FA9A857E-FE95-4C24-A217-77B606C662C5}"
EndProject
Project("{FAE04EC0-301F-11D3-BF4B-00C04F79EFBC}") = "Tyuiu.BratsunDA.Sprint0.Task3.V0.Test", "Tyuiu.BratsunDA.Sprint0.Task3.V0.Test\Tyuiu.BratsunDA.Sprint0.Task3.V0.Test.csproj", "{67388E38-C103-4FFC-BFE9-FF4AC4B94758}"
EndProject
Project("{2150E333-8FDC-42A3-9474-1A3956D46DE8}") = "Task4", "Task4", "{7D5FF6AA-E82E-4DBF-B1ED-EBF18D9F960F}"
EndProject
Project("{FAE04EC0-301F-11D3-BF4B-00C04F79EFBC}") = "Tyuiu.BratsunDA.Sprint0.Task4.V0", "Tyuiu.BratsunDA.Sprint0.Task4.V0\Tyuiu.BratsunDA.Sprint0.Task4.V0.csproj", "{7569F1E3-F56A-448E-809C-4508EB38D1AD}"
EndProject
Project("{FAE04EC0-301F-11D3-BF4B-00C04F79EFBC}") = "Tyuiu.BratsunDA.Sprint0.Task4.V0.Test", "Tyuiu.BratsunDA.Sprint0.Task4.V0.Test\Tyuiu.BratsunDA.Sprint0.Task4.V0.Test.csproj", "{C4332DB5-C1B7-4BF8-8562-5BA088529DF5}"
EndProject
Project("{FAE04EC0-301F-11D3-BF4B-00C04F79EFBC}") = "Tyuiu.BratsunDA.Sprint0.Task4.V0.Lib", "Tyuiu.BratsunDA.Sprint0.Task4.V0.Lib\Tyuiu.BratsunDA.Sprint0.Task4.V0.Lib.csproj", "{0F31AAF9-D24A-4D93-90CE-F26A35180B14}"
EndProject
Project("{2150E333-8FDC-42A3-9474-1A3956D46DE8}") = "Task5", "Task5", "{033E0938-A781-444A-A651-3A956828DDFC}"
EndProject
Project("{FAE04EC0-301F-11D3-BF4B-00C04F79EFBC}") = "Tyuiu.BratsunDA.Sprint0.Task5.V0", "Tyuiu.BratsunDA.Sprint0.Task5.V0\Tyuiu.BratsunDA.Sprint0.Task5.V0.csproj", "{F15E32BA-2C5C-456A-9AE7-8B6DEB45282F}"
EndProject
Project("{FAE04EC0-301F-11D3-BF4B-00C04F79EFBC}") = "Tyuiu.BratsunDA.Sprint0.Task5.V0.Lib", "Tyuiu.BratsunDA.Sprint0.Task5.V0.Lib\Tyuiu.BratsunDA.Sprint0.Task5.V0.Lib.csproj", "{E12E4432-BB0A-441D-8B69-352082C295AD}"
EndProject
Project("{FAE04EC0-301F-11D3-BF4B-00C04F79EFBC}") = "Tyuiu.BratsunDA.Sprint0.Task5.V0.Test", "Tyuiu.BratsunDA.Sprint0.Task5.V0.Test\Tyuiu.BratsunDA.Sprint0.Task5.V0.Test.csproj", "{2E25BF13-F9AE-4949-8A32-4591CA961592}"
EndProject
Project("{2150E333-8FDC-42A3-9474-1A3956D46DE8}") = "Task6", "Task6", "{8C3A6DE8-5FF7-4947-AE63-77BCC031322F}"
EndProject
Project("{FAE04EC0-301F-11D3-BF4B-00C04F79EFBC}") = "Tyuiu.BratsunDA.Sprint0.Task6.V0", "Tyuiu.BratsunDA.Sprint0.Task6.V0\Tyuiu.BratsunDA.Sprint0.Task6.V0.csproj", "{4446EDF4-FCC2-400D-8134-F03E9C68669C}"
EndProject
Project("{FAE04EC0-301F-11D3-BF4B-00C04F79EFBC}") = "Tyuiu.BratsunDA.Sprint0.Task6.V0.Test", "Tyuiu.BratsunDA.Sprint0.Task6.V0.Test\Tyuiu.BratsunDA.Sprint0.Task6.V0.Test.csproj", "{5846CA76-08ED-4F7A-8937-98237D7CC5DC}"
EndProject
Project("{FAE04EC0-301F-11D3-BF4B-00C04F79EFBC}") = "Tyuiu.BratsunDA.Sprint0.Task6.V0.Lib", "Tyuiu.BratsunDA.Sprint0.Task6.V0.Lib\Tyuiu.BratsunDA.Sprint0.Task6.V0.Lib.csproj", "{BEA13FF9-8376-4563-8581-2860CBFDAFDF}"
EndProject
Project("{2150E333-8FDC-42A3-9474-1A3956D46DE8}") = "Task7", "Task7", "{FE1BC568-BE54-4DD8-A2D9-CEAAE72414E7}"
EndProject
Project("{FAE04EC0-301F-11D3-BF4B-00C04F79EFBC}") = "Tyuiu.BratsunDA.Sprint0.Task7.V0", "Tyuiu.BratsunDA.Sprint0.Task7.V0\Tyuiu.BratsunDA.Sprint0.Task7.V0.csproj", "{07CB1F64-BEBB-47AA-A910-BF29B6386C10}"
EndProject
Project("{FAE04EC0-301F-11D3-BF4B-00C04F79EFBC}") = "Tyuiu.BratsunDA.Sprint0.Task7.V0.Lib", "Tyuiu.BratsunDA.Sprint0.Task7.V0.Lib\Tyuiu.BratsunDA.Sprint0.Task7.V0.Lib.csproj", "{6F3A10CE-FB93-4FE2-888E-FEA766DDC243}"
EndProject
Project("{FAE04EC0-301F-11D3-BF4B-00C04F79EFBC}") = "Tyuiu.BratsunDA.Sprint0.Task7.V0.Test", "Tyuiu.BratsunDA.Sprint0.Task7.V0.Test\Tyuiu.BratsunDA.Sprint0.Task7.V0.Test.csproj", "{4BD502C5-D37D-4BAA-948A-4121932589D0}"
EndProject
Global
	GlobalSection(SolutionConfigurationPlatforms) = preSolution
		Debug|Any CPU = Debug|Any CPU
		Release|Any CPU = Release|Any CPU
	EndGlobalSection
	GlobalSection(ProjectConfigurationPlatforms) = postSolution
		{4B7DAB40-9336-4EA0-9FC3-A34A348CBBCC}.Debug|Any CPU.ActiveCfg = Debug|Any CPU
		{4B7DAB40-9336-4EA0-9FC3-A34A348CBBCC}.Debug|Any CPU.Build.0 = Debug|Any CPU
		{4B7DAB40-9336-4EA0-9FC3-A34A348CBBCC}.Release|Any CPU.ActiveCfg = Release|Any CPU
		{4B7DAB40-9336-4EA0-9FC3-A34A348CBBCC}.Release|Any CPU.Build.0 = Release|Any CPU
		{0511E4BE-77A5-4FAC-88AA-C4A347F957D7}.Debug|Any CPU.ActiveCfg = Debug|Any CPU
		{0511E4BE-77A5-4FAC-88AA-C4A347F957D7}.Debug|Any CPU.Build.0 = Debug|Any CPU
		{0511E4BE-77A5-4FAC-88AA-C4A347F957D7}.Release|Any CPU.ActiveCfg = Release|Any CPU
		{0511E4BE-77A5-4FAC-88AA-C4A347F957D7}.Release|Any CPU.Build.0 = Release|Any CPU
		{ADE684AA-F104-4EA5-9E91-8458CAFD137E}.Debug|Any CPU.ActiveCfg = Debug|Any CPU
		{ADE684AA-F104-4EA5-9E91-8458CAFD137E}.Debug|Any CPU.Build.0 = Debug|Any CPU
		{ADE684AA-F104-4EA5-9E91-8458CAFD137E}.Release|Any CPU.ActiveCfg = Release|Any CPU
		{ADE684AA-F104-4EA5-9E91-8458CAFD137E}.Release|Any CPU.Build.0 = Release|Any CPU
		{0FD40BF4-D612-4E67-8AE9-77532A0E9598}.Debug|Any CPU.ActiveCfg = Debug|Any CPU
		{0FD40BF4-D612-4E67-8AE9-77532A0E9598}.Debug|Any CPU.Build.0 = Debug|Any CPU
		{0FD40BF4-D612-4E67-8AE9-77532A0E9598}.Release|Any CPU.ActiveCfg = Release|Any CPU
		{0FD40BF4-D612-4E67-8AE9-77532A0E9598}.Release|Any CPU.Build.0 = Release|Any CPU
		{0AE0E877-CE6F-4282-9C28-F23312117319}.Debug|Any CPU.ActiveCfg = Debug|Any CPU
		{0AE0E877-CE6F-4282-9C28-F23312117319}.Debug|Any CPU.Build.0 = Debug|Any CPU
		{0AE0E877-CE6F-4282-9C28-F23312117319}.Release|Any CPU.ActiveCfg = Release|Any CPU
		{0AE0E877-CE6F-4282-9C28-F23312117319}.Release|Any CPU.Build.0 = Release|Any CPU
		{B6F3F523-3887-44EF-961F-3E34AF13F38A}.Debug|Any CPU.ActiveCfg = Debug|Any CPU
		{B6F3F523-3887-44EF-961F-3E34AF13F38A}.Debug|Any CPU.Build.0 = Debug|Any CPU
		{B6F3F523-3887-44EF-961F-3E34AF13F38A}.Release|Any CPU.ActiveCfg = Release|Any CPU
		{B6F3F523-3887-44EF-961F-3E34AF13F38A}.Release|Any CPU.Build.0 = Release|Any CPU
		{FA9A857E-FE95-4C24-A217-77B606C662C5}.Debug|Any CPU.ActiveCfg = Debug|Any CPU
		{FA9A857E-FE95-4C24-A217-77B606C662C5}.Debug|Any CPU.Build.0 = Debug|Any CPU
		{FA9A857E-FE95-4C24-A217-77B606C662C5}.Release|Any CPU.ActiveCfg = Release|Any CPU
		{FA9A857E-FE95-4C24-A217-77B606C662C5}.Release|Any CPU.Build.0 = Release|Any CPU
		{67388E38-C103-4FFC-BFE9-FF4AC4B94758}.Debug|Any CPU.ActiveCfg = Debug|Any CPU
		{67388E38-C103-4FFC-BFE9-FF4AC4B94758}.Debug|Any CPU.Build.0 = Debug|Any CPU
		{67388E38-C103-4FFC-BFE9-FF4AC4B94758}.Release|Any CPU.ActiveCfg = Release|Any CPU
		{67388E38-C103-4FFC-BFE9-FF4AC4B94758}.Release|Any CPU.Build.0 = Release|Any CPU
		{7569F1E3-F56A-448E-809C-4508EB38D1AD}.Debug|Any CPU.ActiveCfg = Debug|Any CPU
		{7569F1E3-F56A-448E-809C-4508EB38D1AD}.Debug|Any CPU.Build.0 = Debug|Any CPU
		{7569F1E3-F56A-448E-809C-4508EB38D1AD}.Release|Any CPU.ActiveCfg = Release|Any CPU
		{7569F1E3-F56A-448E-809C-4508EB38D1AD}.Release|Any CPU.Build.0 = Release|Any CPU
		{C4332DB5-C1B7-4BF8-8562-5BA088529DF5}.Debug|Any CPU.ActiveCfg = Debug|Any CPU
		{C4332DB5-C1B7-4BF8-8562-5BA088529DF5}.Debug|Any CPU.Build.0 = Debug|Any CPU
		{C4332DB5-C1B7-4BF8-8562-5BA088529DF5}.Release|Any CPU.ActiveCfg = Release|Any CPU
		{C4332DB5-C1B7-4BF8-8562-5BA088529DF5}.Release|Any CPU.Build.0 = Release|Any CPU
		{0F31AAF9-D24A-4D93-90CE-F26A35180B14}.Debug|Any CPU.ActiveCfg = Debug|Any CPU
		{0F31AAF9-D24A-4D93-90CE-F26A35180B14}.Debug|Any CPU.Build.0 = Debug|Any CPU
		{0F31AAF9-D24A-4D93-90CE-F26A35180B14}.Release|Any CPU.ActiveCfg = Release|Any CPU
		{0F31AAF9-D24A-4D93-90CE-F26A35180B14}.Release|Any CPU.Build.0 = Release|Any CPU
		{F15E32BA-2C5C-456A-9AE7-8B6DEB45282F}.Debug|Any CPU.ActiveCfg = Debug|Any CPU
		{F15E32BA-2C5C-456A-9AE7-8B6DEB45282F}.Debug|Any CPU.Build.0 = Debug|Any CPU
		{F15E32BA-2C5C-456A-9AE7-8B6DEB45282F}.Release|Any CPU.ActiveCfg = Release|Any CPU
		{F15E32BA-2C5C-456A-9AE7-8B6DEB45282F}.Release|Any CPU.Build.0 = Release|Any CPU
		{E12E4432-BB0A-441D-8B69-352082C295AD}.Debug|Any CPU.ActiveCfg = Debug|Any CPU
		{E12E4432-BB0A-441D-8B69-352082C295AD}.Debug|Any CPU.Build.0 = Debug|Any CPU
		{E12E4432-BB0A-441D-8B69-352082C295AD}.Release|Any CPU.ActiveCfg = Release|Any CPU
		{E12E4432-BB0A-441D-8B69-352082C295AD}.Release|Any CPU.Build.0 = Release|Any CPU
		{2E25BF13-F9AE-4949-8A32-4591CA961592}.Debug|Any CPU.ActiveCfg = Debug|Any CPU
		{2E25BF13-F9AE-4949-8A32-4591CA961592}.Debug|Any CPU.Build.0 = Debug|Any CPU
		{2E25BF13-F9AE-4949-8A32-4591CA961592}.Release|Any CPU.ActiveCfg = Release|Any CPU
		{2E25BF13-F9AE-4949-8A32-4591CA961592}.Release|Any CPU.Build.0 = Release|Any CPU
		{4446EDF4-FCC2-400D-8134-F03E9C68669C}.Debug|Any CPU.ActiveCfg = Debug|Any CPU
		{4446EDF4-FCC2-400D-8134-F03E9C68669C}.Debug|Any CPU.Build.0 = Debug|Any CPU
		{4446EDF4-FCC2-400D-8134-F03E9C68669C}.Release|Any CPU.ActiveCfg = Release|Any CPU
		{4446EDF4-FCC2-400D-8134-F03E9C68669C}.Release|Any CPU.Build.0 = Release|Any CPU
		{5846CA76-08ED-4F7A-8937-98237D7CC5DC}.Debug|Any CPU.ActiveCfg = Debug|Any CPU
		{5846CA76-08ED-4F7A-8937-98237D7CC5DC}.Debug|Any CPU.Build.0 = Debug|Any CPU
		{5846CA76-08ED-4F7A-8937-98237D7CC5DC}.Release|Any CPU.ActiveCfg = Release|Any CPU
		{5846CA76-08ED-4F7A-8937-98237D7CC5DC}.Release|Any CPU.Build.0 = Release|Any CPU
		{BEA13FF9-8376-4563-8581-2860CBFDAFDF}.Debug|Any CPU.ActiveCfg = Debug|Any CPU
		{BEA13FF9-8376-4563-8581-2860CBFDAFDF}.Debug|Any CPU.Build.0 = Debug|Any CPU
		{BEA13FF9-8376-4563-8581-2860CBFDAFDF}.Release|Any CPU.ActiveCfg = Release|Any CPU
		{BEA13FF9-8376-4563-8581-2860CBFDAFDF}.Release|Any CPU.Build.0 = Release|Any CPU
		{07CB1F64-BEBB-47AA-A910-BF29B6386C10}.Debug|Any CPU.ActiveCfg = Debug|Any CPU
		{07CB1F64-BEBB-47AA-A910-BF29B6386C10}.Debug|Any CPU.Build.0 = Debug|Any CPU
		{07CB1F64-BEBB-47AA-A910-BF29B6386C10}.Release|Any CPU.ActiveCfg = Release|Any CPU
		{07CB1F64-BEBB-47AA-A910-BF29B6386C10}.Release|Any CPU.Build.0 = Release|Any CPU
		{6F3A10CE-FB93-4FE2-888E-FEA766DDC243}.Debug|Any CPU.ActiveCfg = Debug|Any CPU
		{6F3A10CE-FB93-4FE2-888E-FEA766DDC243}.Debug|Any CPU.Build.0 = Debug|Any CPU
		{6F3A10CE-FB93-4FE2-888E-FEA766DDC243}.Release|Any CPU.ActiveCfg = Release|Any CPU
		{6F3A10CE-FB93-4FE2-888E-FEA766DDC243}.Release|Any CPU.Build.0 = Release|Any CPU
		{4BD502C5-D37D-4BAA-948A-4121932589D0}.Debug|Any CPU.ActiveCfg = Debug|Any CPU
		{4BD502C5-D37D-4BAA-948A-4121932589D0}.Debug|Any CPU.Build.0 = Debug|Any CPU
		{4BD502C5-D37D-4BAA-948A-4121932589D0}.Release|Any CPU.ActiveCfg = Release|Any CPU
		{4BD502C5-D37D-4BAA-948A-4121932589D0}.Release|Any CPU.Build.0 = Release|Any CPU
	EndGlobalSection
	GlobalSection(SolutionProperties) = preSolution
		HideSolutionNode = FALSE
	EndGlobalSection
	GlobalSection(NestedProjects) = preSolution
		{4B7DAB40-9336-4EA0-9FC3-A34A348CBBCC} = {7D72A635-FB10-4209-B2AE-529F701110AF}
		{0511E4BE-77A5-4FAC-88AA-C4A347F957D7} = {2BD7FAA8-AF6F-4BC1-9E00-EF3F93C5C570}
		{ADE684AA-F104-4EA5-9E91-8458CAFD137E} = {EB0D5E2F-5A4C-4ABC-87D0-D80DF9014071}
		{0FD40BF4-D612-4E67-8AE9-77532A0E9598} = {EB0D5E2F-5A4C-4ABC-87D0-D80DF9014071}
		{0AE0E877-CE6F-4282-9C28-F23312117319} = {EB0D5E2F-5A4C-4ABC-87D0-D80DF9014071}
		{B6F3F523-3887-44EF-961F-3E34AF13F38A} = {3075BF09-4594-4E82-BE0A-075652C253FF}
		{FA9A857E-FE95-4C24-A217-77B606C662C5} = {3075BF09-4594-4E82-BE0A-075652C253FF}
		{67388E38-C103-4FFC-BFE9-FF4AC4B94758} = {3075BF09-4594-4E82-BE0A-075652C253FF}
		{7569F1E3-F56A-448E-809C-4508EB38D1AD} = {7D5FF6AA-E82E-4DBF-B1ED-EBF18D9F960F}
		{C4332DB5-C1B7-4BF8-8562-5BA088529DF5} = {7D5FF6AA-E82E-4DBF-B1ED-EBF18D9F960F}
		{0F31AAF9-D24A-4D93-90CE-F26A35180B14} = {7D5FF6AA-E82E-4DBF-B1ED-EBF18D9F960F}
		{F15E32BA-2C5C-456A-9AE7-8B6DEB45282F} = {033E0938-A781-444A-A651-3A956828DDFC}
		{E12E4432-BB0A-441D-8B69-352082C295AD} = {033E0938-A781-444A-A651-3A956828DDFC}
		{2E25BF13-F9AE-4949-8A32-4591CA961592} = {033E0938-A781-444A-A651-3A956828DDFC}
		{4446EDF4-FCC2-400D-8134-F03E9C68669C} = {8C3A6DE8-5FF7-4947-AE63-77BCC031322F}
		{5846CA76-08ED-4F7A-8937-98237D7CC5DC} = {8C3A6DE8-5FF7-4947-AE63-77BCC031322F}
		{BEA13FF9-8376-4563-8581-2860CBFDAFDF} = {8C3A6DE8-5FF7-4947-AE63-77BCC031322F}
		{07CB1F64-BEBB-47AA-A910-BF29B6386C10} = {FE1BC568-BE54-4DD8-A2D9-CEAAE72414E7}
		{6F3A10CE-FB93-4FE2-888E-FEA766DDC243} = {FE1BC568-BE54-4DD8-A2D9-CEAAE72414E7}
		{4BD502C5-D37D-4BAA-948A-4121932589D0} = {FE1BC568-BE54-4DD8-A2D9-CEAAE72414E7}
	EndGlobalSection
	GlobalSection(ExtensibilityGlobals) = postSolution
		SolutionGuid = {24DA40E6-1EFD-4095-86CD-2C895D36CE75}
	EndGlobalSection
EndGlobal
